
Microsoft Visual Studio Solution File, Format Version 12.00
# Visual Studio 15
VisualStudioVersion = 15.0.27428.2005
MinimumVisualStudioVersion = 10.0.40219.1
Project("{8BC9CEB8-8B4A-11D0-8D11-00A0C91BC942}") = "lab9", "lab9\lab9.vcxproj", "{E2BEB832-8F0F-44CB-950A-1C681C9ED095}"
EndProject
Global
	GlobalSection(SolutionConfigurationPlatforms) = preSolution
		Debug|x64 = Debug|x64
		Debug|x86 = Debug|x86
		Release|x64 = Release|x64
		Release|x86 = Release|x86
	EndGlobalSection
	GlobalSection(ProjectConfigurationPlatforms) = postSolution
		{E2BEB832-8F0F-44CB-950A-1C681C9ED095}.Debug|x64.ActiveCfg = Debug|x64
		{E2BEB832-8F0F-44CB-950A-1C681C9ED095}.Debug|x64.Build.0 = Debug|x64
		{E2BEB832-8F0F-44CB-950A-1C681C9ED095}.Debug|x86.ActiveCfg = Debug|Win32
		{E2BEB832-8F0F-44CB-950A-1C681C9ED095}.Debug|x86.Build.0 = Debug|Win32
		{E2BEB832-8F0F-44CB-950A-1C681C9ED095}.Release|x64.ActiveCfg = Release|x64
		{E2BEB832-8F0F-44CB-950A-1C681C9ED095}.Release|x64.Build.0 = Release|x64
		{E2BEB832-8F0F-44CB-950A-1C681C9ED095}.Release|x86.ActiveCfg = Release|Win32
		{E2BEB832-8F0F-44CB-950A-1C681C9ED095}.Release|x86.Build.0 = Release|Win32
	EndGlobalSection
	GlobalSection(SolutionProperties) = preSolution
		HideSolutionNode = FALSE
	EndGlobalSection
	GlobalSection(ExtensibilityGlobals) = postSolution
		SolutionGuid = {3965BA27-7DE7-4CCF-B4A1-D2D0768557C4}
	EndGlobalSection
EndGlobal
